
Microsoft Visual Studio Solution File, Format Version 12.00
# Visual Studio Version 17
VisualStudioVersion = 17.14.36310.24 d17.14
MinimumVisualStudioVersion = 10.0.40219.1
Project("{FAE04EC0-301F-11D3-BF4B-00C04F79EFBC}") = "WideWorldImporters.Domain", "WideWorldImporters.Domain\WideWorldImporters.Domain.csproj", "{20800CAA-2BB7-4760-9F41-3F17F068D808}"
EndProject
Project("{FAE04EC0-301F-11D3-BF4B-00C04F79EFBC}") = "WideWorldImporters.Domain.Tests", "WideWorldImporters.Domain.Tests\WideWorldImporters.Domain.Tests.csproj", "{1B044AE8-8C70-438C-8151-7269CE6C2BDD}"
EndProject
Global
	GlobalSection(SolutionConfigurationPlatforms) = preSolution
		Debug|Any CPU = Debug|Any CPU
		Release|Any CPU = Release|Any CPU
	EndGlobalSection
	GlobalSection(ProjectConfigurationPlatforms) = postSolution
		{20800CAA-2BB7-4760-9F41-3F17F068D808}.Debug|Any CPU.ActiveCfg = Debug|Any CPU
		{20800CAA-2BB7-4760-9F41-3F17F068D808}.Debug|Any CPU.Build.0 = Debug|Any CPU
		{20800CAA-2BB7-4760-9F41-3F17F068D808}.Release|Any CPU.ActiveCfg = Release|Any CPU
		{20800CAA-2BB7-4760-9F41-3F17F068D808}.Release|Any CPU.Build.0 = Release|Any CPU
		{1B044AE8-8C70-438C-8151-7269CE6C2BDD}.Debug|Any CPU.ActiveCfg = Debug|Any CPU
		{1B044AE8-8C70-438C-8151-7269CE6C2BDD}.Debug|Any CPU.Build.0 = Debug|Any CPU
		{1B044AE8-8C70-438C-8151-7269CE6C2BDD}.Release|Any CPU.ActiveCfg = Release|Any CPU
		{1B044AE8-8C70-438C-8151-7269CE6C2BDD}.Release|Any CPU.Build.0 = Release|Any CPU
	EndGlobalSection
	GlobalSection(SolutionProperties) = preSolution
		HideSolutionNode = FALSE
	EndGlobalSection
	GlobalSection(ExtensibilityGlobals) = postSolution
		SolutionGuid = {7EAE3537-28E0-46CF-94BE-DB8904566E4D}
	EndGlobalSection
EndGlobal
